
Microsoft Visual Studio Solution File, Format Version 12.00
# Visual Studio Version 17
VisualStudioVersion = 17.2.32630.192
MinimumVisualStudioVersion = 10.0.40219.1
Project("{FAE04EC0-301F-11D3-BF4B-00C04F79EFBC}") = "ChRouterMac", "ChRouterMac.csproj", "{00053FA8-6A4D-47A4-8390-24E8C2103A36}"
EndProject
Global
	GlobalSection(SolutionConfigurationPlatforms) = preSolution
		Debug|Any CPU = Debug|Any CPU
		Release|Any CPU = Release|Any CPU
	EndGlobalSection
	GlobalSection(ProjectConfigurationPlatforms) = postSolution
		{00053FA8-6A4D-47A4-8390-24E8C2103A36}.Debug|Any CPU.ActiveCfg = Debug|Any CPU
		{00053FA8-6A4D-47A4-8390-24E8C2103A36}.Debug|Any CPU.Build.0 = Debug|Any CPU
		{00053FA8-6A4D-47A4-8390-24E8C2103A36}.Release|Any CPU.ActiveCfg = Release|Any CPU
		{00053FA8-6A4D-47A4-8390-24E8C2103A36}.Release|Any CPU.Build.0 = Release|Any CPU
	EndGlobalSection
	GlobalSection(SolutionProperties) = preSolution
		HideSolutionNode = FALSE
	EndGlobalSection
	GlobalSection(ExtensibilityGlobals) = postSolution
		SolutionGuid = {15C67346-2CCD-46C1-A4CB-8AFD9F234E27}
	EndGlobalSection
EndGlobal
